
Microsoft Visual Studio Solution File, Format Version 12.00
# Visual Studio Version 17
VisualStudioVersion = 17.5.33627.172
MinimumVisualStudioVersion = 10.0.40219.1
Project("{FAE04EC0-301F-11D3-BF4B-00C04F79EFBC}") = "API", "API\API.csproj", "{B71D81E6-2B4B-4DB9-BE20-51897804D35C}"
EndProject
Project("{FAE04EC0-301F-11D3-BF4B-00C04F79EFBC}") = "DataAccessLayer", "DataAccessLayer\DataAccessLayer.csproj", "{398A6CE1-4E77-46C3-B5C6-8FA9569EE71D}"
EndProject
Project("{FAE04EC0-301F-11D3-BF4B-00C04F79EFBC}") = "BusinessLogicLayer", "BusinessLogicLayer\BusinessLogicLayer.csproj", "{8368BC7A-2DB2-450F-9B9C-1DC4F4A7EB66}"
EndProject
Global
	GlobalSection(SolutionConfigurationPlatforms) = preSolution
		Debug|Any CPU = Debug|Any CPU
		Release|Any CPU = Release|Any CPU
	EndGlobalSection
	GlobalSection(ProjectConfigurationPlatforms) = postSolution
		{B71D81E6-2B4B-4DB9-BE20-51897804D35C}.Debug|Any CPU.ActiveCfg = Debug|Any CPU
		{B71D81E6-2B4B-4DB9-BE20-51897804D35C}.Debug|Any CPU.Build.0 = Debug|Any CPU
		{B71D81E6-2B4B-4DB9-BE20-51897804D35C}.Release|Any CPU.ActiveCfg = Release|Any CPU
		{B71D81E6-2B4B-4DB9-BE20-51897804D35C}.Release|Any CPU.Build.0 = Release|Any CPU
		{398A6CE1-4E77-46C3-B5C6-8FA9569EE71D}.Debug|Any CPU.ActiveCfg = Debug|Any CPU
		{398A6CE1-4E77-46C3-B5C6-8FA9569EE71D}.Debug|Any CPU.Build.0 = Debug|Any CPU
		{398A6CE1-4E77-46C3-B5C6-8FA9569EE71D}.Release|Any CPU.ActiveCfg = Release|Any CPU
		{398A6CE1-4E77-46C3-B5C6-8FA9569EE71D}.Release|Any CPU.Build.0 = Release|Any CPU
		{8368BC7A-2DB2-450F-9B9C-1DC4F4A7EB66}.Debug|Any CPU.ActiveCfg = Debug|Any CPU
		{8368BC7A-2DB2-450F-9B9C-1DC4F4A7EB66}.Debug|Any CPU.Build.0 = Debug|Any CPU
		{8368BC7A-2DB2-450F-9B9C-1DC4F4A7EB66}.Release|Any CPU.ActiveCfg = Release|Any CPU
		{8368BC7A-2DB2-450F-9B9C-1DC4F4A7EB66}.Release|Any CPU.Build.0 = Release|Any CPU
	EndGlobalSection
	GlobalSection(SolutionProperties) = preSolution
		HideSolutionNode = FALSE
	EndGlobalSection
	GlobalSection(ExtensibilityGlobals) = postSolution
		SolutionGuid = {AE5DD283-2789-4F2D-A095-0F39E622AC40}
	EndGlobalSection
EndGlobal
